
Microsoft Visual Studio Solution File, Format Version 12.00
# Visual Studio Version 17
VisualStudioVersion = 17.9.34723.18
MinimumVisualStudioVersion = 10.0.40219.1
Project("{FAE04EC0-301F-11D3-BF4B-00C04F79EFBC}") = "HelloCSharp004", "HelloCSharp004\HelloCSharp004.csproj", "{38CAA2DF-6260-4A05-9650-EF99522C40F5}"
EndProject
Project("{FAE04EC0-301F-11D3-BF4B-00C04F79EFBC}") = "HelloCSharp004_01", "HelloCSharp004_01\HelloCSharp004_01.csproj", "{D6B4E205-C041-48F1-811D-5869E80CB524}"
EndProject
Project("{FAE04EC0-301F-11D3-BF4B-00C04F79EFBC}") = "HelloCSharp004_02", "HelloCSharp004_02\HelloCSharp004_02.csproj", "{D416889E-7A63-44A8-9AE4-7620FF4DFE42}"
EndProject
Project("{FAE04EC0-301F-11D3-BF4B-00C04F79EFBC}") = "HelloCSharp004_03", "HelloCSharp004_03\HelloCSharp004_03.csproj", "{3D2A044B-A831-4040-B3A9-3171D2F53232}"
EndProject
Global
	GlobalSection(SolutionConfigurationPlatforms) = preSolution
		Debug|Any CPU = Debug|Any CPU
		Release|Any CPU = Release|Any CPU
	EndGlobalSection
	GlobalSection(ProjectConfigurationPlatforms) = postSolution
		{38CAA2DF-6260-4A05-9650-EF99522C40F5}.Debug|Any CPU.ActiveCfg = Debug|Any CPU
		{38CAA2DF-6260-4A05-9650-EF99522C40F5}.Debug|Any CPU.Build.0 = Debug|Any CPU
		{38CAA2DF-6260-4A05-9650-EF99522C40F5}.Release|Any CPU.ActiveCfg = Release|Any CPU
		{38CAA2DF-6260-4A05-9650-EF99522C40F5}.Release|Any CPU.Build.0 = Release|Any CPU
		{D6B4E205-C041-48F1-811D-5869E80CB524}.Debug|Any CPU.ActiveCfg = Debug|Any CPU
		{D6B4E205-C041-48F1-811D-5869E80CB524}.Debug|Any CPU.Build.0 = Debug|Any CPU
		{D6B4E205-C041-48F1-811D-5869E80CB524}.Release|Any CPU.ActiveCfg = Release|Any CPU
		{D6B4E205-C041-48F1-811D-5869E80CB524}.Release|Any CPU.Build.0 = Release|Any CPU
		{D416889E-7A63-44A8-9AE4-7620FF4DFE42}.Debug|Any CPU.ActiveCfg = Debug|Any CPU
		{D416889E-7A63-44A8-9AE4-7620FF4DFE42}.Debug|Any CPU.Build.0 = Debug|Any CPU
		{D416889E-7A63-44A8-9AE4-7620FF4DFE42}.Release|Any CPU.ActiveCfg = Release|Any CPU
		{D416889E-7A63-44A8-9AE4-7620FF4DFE42}.Release|Any CPU.Build.0 = Release|Any CPU
		{3D2A044B-A831-4040-B3A9-3171D2F53232}.Debug|Any CPU.ActiveCfg = Debug|Any CPU
		{3D2A044B-A831-4040-B3A9-3171D2F53232}.Debug|Any CPU.Build.0 = Debug|Any CPU
		{3D2A044B-A831-4040-B3A9-3171D2F53232}.Release|Any CPU.ActiveCfg = Release|Any CPU
		{3D2A044B-A831-4040-B3A9-3171D2F53232}.Release|Any CPU.Build.0 = Release|Any CPU
	EndGlobalSection
	GlobalSection(SolutionProperties) = preSolution
		HideSolutionNode = FALSE
	EndGlobalSection
	GlobalSection(ExtensibilityGlobals) = postSolution
		SolutionGuid = {DD621FD1-5537-4B76-AF1F-F01C4CF7C288}
	EndGlobalSection
EndGlobal
