
Microsoft Visual Studio Solution File, Format Version 12.00
# Visual Studio Version 17
VisualStudioVersion = 17.9.34723.18
MinimumVisualStudioVersion = 10.0.40219.1
Project("{FAE04EC0-301F-11D3-BF4B-00C04F79EFBC}") = "HelloCSharp007", "HelloCSharp007\HelloCSharp007.csproj", "{8724A38C-9D06-4748-9143-EE786ED4EA89}"
EndProject
Project("{FAE04EC0-301F-11D3-BF4B-00C04F79EFBC}") = "HelloCSharp007_01", "HelloCSharp007_01\HelloCSharp007_01.csproj", "{7114F9C7-5623-45C5-8546-E6736DD6A214}"
EndProject
Project("{FAE04EC0-301F-11D3-BF4B-00C04F79EFBC}") = "HelloCSharp007_02", "HelloCSharp007_02\HelloCSharp007_02.csproj", "{6B944F9D-8DAF-48F9-B9A3-1313C584EFCB}"
EndProject
Project("{FAE04EC0-301F-11D3-BF4B-00C04F79EFBC}") = "HelloCSharp007_03", "HelloCSharp007_03\HelloCSharp007_03.csproj", "{3D56B9D8-604C-4750-BBFC-FB4C236E87B2}"
EndProject
Project("{8BC9CEB8-8B4A-11D0-8D11-00A0C91BC942}") = "TestSwap", "TestSwap\TestSwap.vcxproj", "{17989E76-F109-41C0-B6DC-CD35FD264D39}"
EndProject
Project("{FAE04EC0-301F-11D3-BF4B-00C04F79EFBC}") = "HelloCSharp007_04", "HelloCSharp007_04\HelloCSharp007_04.csproj", "{4C50E927-9603-48F9-803A-C1EFEAFB6419}"
EndProject
Project("{FAE04EC0-301F-11D3-BF4B-00C04F79EFBC}") = "FiboTest", "FiboTest\FiboTest.csproj", "{58B5417B-A6BC-4CE4-8F12-458CECC69397}"
EndProject
Global
	GlobalSection(SolutionConfigurationPlatforms) = preSolution
		Debug|Any CPU = Debug|Any CPU
		Debug|x64 = Debug|x64
		Debug|x86 = Debug|x86
		Release|Any CPU = Release|Any CPU
		Release|x64 = Release|x64
		Release|x86 = Release|x86
	EndGlobalSection
	GlobalSection(ProjectConfigurationPlatforms) = postSolution
		{8724A38C-9D06-4748-9143-EE786ED4EA89}.Debug|Any CPU.ActiveCfg = Debug|Any CPU
		{8724A38C-9D06-4748-9143-EE786ED4EA89}.Debug|Any CPU.Build.0 = Debug|Any CPU
		{8724A38C-9D06-4748-9143-EE786ED4EA89}.Debug|x64.ActiveCfg = Debug|Any CPU
		{8724A38C-9D06-4748-9143-EE786ED4EA89}.Debug|x64.Build.0 = Debug|Any CPU
		{8724A38C-9D06-4748-9143-EE786ED4EA89}.Debug|x86.ActiveCfg = Debug|Any CPU
		{8724A38C-9D06-4748-9143-EE786ED4EA89}.Debug|x86.Build.0 = Debug|Any CPU
		{8724A38C-9D06-4748-9143-EE786ED4EA89}.Release|Any CPU.ActiveCfg = Release|Any CPU
		{8724A38C-9D06-4748-9143-EE786ED4EA89}.Release|Any CPU.Build.0 = Release|Any CPU
		{8724A38C-9D06-4748-9143-EE786ED4EA89}.Release|x64.ActiveCfg = Release|Any CPU
		{8724A38C-9D06-4748-9143-EE786ED4EA89}.Release|x64.Build.0 = Release|Any CPU
		{8724A38C-9D06-4748-9143-EE786ED4EA89}.Release|x86.ActiveCfg = Release|Any CPU
		{8724A38C-9D06-4748-9143-EE786ED4EA89}.Release|x86.Build.0 = Release|Any CPU
		{7114F9C7-5623-45C5-8546-E6736DD6A214}.Debug|Any CPU.ActiveCfg = Debug|Any CPU
		{7114F9C7-5623-45C5-8546-E6736DD6A214}.Debug|Any CPU.Build.0 = Debug|Any CPU
		{7114F9C7-5623-45C5-8546-E6736DD6A214}.Debug|x64.ActiveCfg = Debug|Any CPU
		{7114F9C7-5623-45C5-8546-E6736DD6A214}.Debug|x64.Build.0 = Debug|Any CPU
		{7114F9C7-5623-45C5-8546-E6736DD6A214}.Debug|x86.ActiveCfg = Debug|Any CPU
		{7114F9C7-5623-45C5-8546-E6736DD6A214}.Debug|x86.Build.0 = Debug|Any CPU
		{7114F9C7-5623-45C5-8546-E6736DD6A214}.Release|Any CPU.ActiveCfg = Release|Any CPU
		{7114F9C7-5623-45C5-8546-E6736DD6A214}.Release|Any CPU.Build.0 = Release|Any CPU
		{7114F9C7-5623-45C5-8546-E6736DD6A214}.Release|x64.ActiveCfg = Release|Any CPU
		{7114F9C7-5623-45C5-8546-E6736DD6A214}.Release|x64.Build.0 = Release|Any CPU
		{7114F9C7-5623-45C5-8546-E6736DD6A214}.Release|x86.ActiveCfg = Release|Any CPU
		{7114F9C7-5623-45C5-8546-E6736DD6A214}.Release|x86.Build.0 = Release|Any CPU
		{6B944F9D-8DAF-48F9-B9A3-1313C584EFCB}.Debug|Any CPU.ActiveCfg = Debug|Any CPU
		{6B944F9D-8DAF-48F9-B9A3-1313C584EFCB}.Debug|Any CPU.Build.0 = Debug|Any CPU
		{6B944F9D-8DAF-48F9-B9A3-1313C584EFCB}.Debug|x64.ActiveCfg = Debug|Any CPU
		{6B944F9D-8DAF-48F9-B9A3-1313C584EFCB}.Debug|x64.Build.0 = Debug|Any CPU
		{6B944F9D-8DAF-48F9-B9A3-1313C584EFCB}.Debug|x86.ActiveCfg = Debug|Any CPU
		{6B944F9D-8DAF-48F9-B9A3-1313C584EFCB}.Debug|x86.Build.0 = Debug|Any CPU
		{6B944F9D-8DAF-48F9-B9A3-1313C584EFCB}.Release|Any CPU.ActiveCfg = Release|Any CPU
		{6B944F9D-8DAF-48F9-B9A3-1313C584EFCB}.Release|Any CPU.Build.0 = Release|Any CPU
		{6B944F9D-8DAF-48F9-B9A3-1313C584EFCB}.Release|x64.ActiveCfg = Release|Any CPU
		{6B944F9D-8DAF-48F9-B9A3-1313C584EFCB}.Release|x64.Build.0 = Release|Any CPU
		{6B944F9D-8DAF-48F9-B9A3-1313C584EFCB}.Release|x86.ActiveCfg = Release|Any CPU
		{6B944F9D-8DAF-48F9-B9A3-1313C584EFCB}.Release|x86.Build.0 = Release|Any CPU
		{3D56B9D8-604C-4750-BBFC-FB4C236E87B2}.Debug|Any CPU.ActiveCfg = Debug|Any CPU
		{3D56B9D8-604C-4750-BBFC-FB4C236E87B2}.Debug|Any CPU.Build.0 = Debug|Any CPU
		{3D56B9D8-604C-4750-BBFC-FB4C236E87B2}.Debug|x64.ActiveCfg = Debug|Any CPU
		{3D56B9D8-604C-4750-BBFC-FB4C236E87B2}.Debug|x64.Build.0 = Debug|Any CPU
		{3D56B9D8-604C-4750-BBFC-FB4C236E87B2}.Debug|x86.ActiveCfg = Debug|Any CPU
		{3D56B9D8-604C-4750-BBFC-FB4C236E87B2}.Debug|x86.Build.0 = Debug|Any CPU
		{3D56B9D8-604C-4750-BBFC-FB4C236E87B2}.Release|Any CPU.ActiveCfg = Release|Any CPU
		{3D56B9D8-604C-4750-BBFC-FB4C236E87B2}.Release|Any CPU.Build.0 = Release|Any CPU
		{3D56B9D8-604C-4750-BBFC-FB4C236E87B2}.Release|x64.ActiveCfg = Release|Any CPU
		{3D56B9D8-604C-4750-BBFC-FB4C236E87B2}.Release|x64.Build.0 = Release|Any CPU
		{3D56B9D8-604C-4750-BBFC-FB4C236E87B2}.Release|x86.ActiveCfg = Release|Any CPU
		{3D56B9D8-604C-4750-BBFC-FB4C236E87B2}.Release|x86.Build.0 = Release|Any CPU
		{17989E76-F109-41C0-B6DC-CD35FD264D39}.Debug|Any CPU.ActiveCfg = Debug|x64
		{17989E76-F109-41C0-B6DC-CD35FD264D39}.Debug|Any CPU.Build.0 = Debug|x64
		{17989E76-F109-41C0-B6DC-CD35FD264D39}.Debug|x64.ActiveCfg = Debug|x64
		{17989E76-F109-41C0-B6DC-CD35FD264D39}.Debug|x64.Build.0 = Debug|x64
		{17989E76-F109-41C0-B6DC-CD35FD264D39}.Debug|x86.ActiveCfg = Debug|Win32
		{17989E76-F109-41C0-B6DC-CD35FD264D39}.Debug|x86.Build.0 = Debug|Win32
		{17989E76-F109-41C0-B6DC-CD35FD264D39}.Release|Any CPU.ActiveCfg = Release|x64
		{17989E76-F109-41C0-B6DC-CD35FD264D39}.Release|Any CPU.Build.0 = Release|x64
		{17989E76-F109-41C0-B6DC-CD35FD264D39}.Release|x64.ActiveCfg = Release|x64
		{17989E76-F109-41C0-B6DC-CD35FD264D39}.Release|x64.Build.0 = Release|x64
		{17989E76-F109-41C0-B6DC-CD35FD264D39}.Release|x86.ActiveCfg = Release|Win32
		{17989E76-F109-41C0-B6DC-CD35FD264D39}.Release|x86.Build.0 = Release|Win32
		{4C50E927-9603-48F9-803A-C1EFEAFB6419}.Debug|Any CPU.ActiveCfg = Debug|Any CPU
		{4C50E927-9603-48F9-803A-C1EFEAFB6419}.Debug|Any CPU.Build.0 = Debug|Any CPU
		{4C50E927-9603-48F9-803A-C1EFEAFB6419}.Debug|x64.ActiveCfg = Debug|Any CPU
		{4C50E927-9603-48F9-803A-C1EFEAFB6419}.Debug|x64.Build.0 = Debug|Any CPU
		{4C50E927-9603-48F9-803A-C1EFEAFB6419}.Debug|x86.ActiveCfg = Debug|Any CPU
		{4C50E927-9603-48F9-803A-C1EFEAFB6419}.Debug|x86.Build.0 = Debug|Any CPU
		{4C50E927-9603-48F9-803A-C1EFEAFB6419}.Release|Any CPU.ActiveCfg = Release|Any CPU
		{4C50E927-9603-48F9-803A-C1EFEAFB6419}.Release|Any CPU.Build.0 = Release|Any CPU
		{4C50E927-9603-48F9-803A-C1EFEAFB6419}.Release|x64.ActiveCfg = Release|Any CPU
		{4C50E927-9603-48F9-803A-C1EFEAFB6419}.Release|x64.Build.0 = Release|Any CPU
		{4C50E927-9603-48F9-803A-C1EFEAFB6419}.Release|x86.ActiveCfg = Release|Any CPU
		{4C50E927-9603-48F9-803A-C1EFEAFB6419}.Release|x86.Build.0 = Release|Any CPU
		{58B5417B-A6BC-4CE4-8F12-458CECC69397}.Debug|Any CPU.ActiveCfg = Debug|Any CPU
		{58B5417B-A6BC-4CE4-8F12-458CECC69397}.Debug|Any CPU.Build.0 = Debug|Any CPU
		{58B5417B-A6BC-4CE4-8F12-458CECC69397}.Debug|x64.ActiveCfg = Debug|Any CPU
		{58B5417B-A6BC-4CE4-8F12-458CECC69397}.Debug|x64.Build.0 = Debug|Any CPU
		{58B5417B-A6BC-4CE4-8F12-458CECC69397}.Debug|x86.ActiveCfg = Debug|Any CPU
		{58B5417B-A6BC-4CE4-8F12-458CECC69397}.Debug|x86.Build.0 = Debug|Any CPU
		{58B5417B-A6BC-4CE4-8F12-458CECC69397}.Release|Any CPU.ActiveCfg = Release|Any CPU
		{58B5417B-A6BC-4CE4-8F12-458CECC69397}.Release|Any CPU.Build.0 = Release|Any CPU
		{58B5417B-A6BC-4CE4-8F12-458CECC69397}.Release|x64.ActiveCfg = Release|Any CPU
		{58B5417B-A6BC-4CE4-8F12-458CECC69397}.Release|x64.Build.0 = Release|Any CPU
		{58B5417B-A6BC-4CE4-8F12-458CECC69397}.Release|x86.ActiveCfg = Release|Any CPU
		{58B5417B-A6BC-4CE4-8F12-458CECC69397}.Release|x86.Build.0 = Release|Any CPU
	EndGlobalSection
	GlobalSection(SolutionProperties) = preSolution
		HideSolutionNode = FALSE
	EndGlobalSection
	GlobalSection(ExtensibilityGlobals) = postSolution
		SolutionGuid = {5D0B5BA0-7C1F-4346-8272-E801CED09FE1}
	EndGlobalSection
EndGlobal
