
Microsoft Visual Studio Solution File, Format Version 12.00
# Visual Studio Version 17
VisualStudioVersion = 17.9.34723.18
MinimumVisualStudioVersion = 10.0.40219.1
Project("{FAE04EC0-301F-11D3-BF4B-00C04F79EFBC}") = "HelloCSharp008", "HelloCSharp008\HelloCSharp008.csproj", "{7F79BB93-78B4-4810-9C6B-82A13224A510}"
EndProject
Project("{FAE04EC0-301F-11D3-BF4B-00C04F79EFBC}") = "HelloCSharp008_01", "HelloCSharp008_01\HelloCSharp008_01.csproj", "{4A5F934A-D1E7-4AB6-94AA-2F40416C479E}"
EndProject
Project("{FAE04EC0-301F-11D3-BF4B-00C04F79EFBC}") = "HelloCSharp008_02", "HelloCSharp008_02\HelloCSharp008_02.csproj", "{C819025F-73B9-4616-9B4E-AB4D024CD12E}"
EndProject
Project("{FAE04EC0-301F-11D3-BF4B-00C04F79EFBC}") = "HelloCSharp008_03", "HelloCSharp008_03\HelloCSharp008_03.csproj", "{19B2FEA9-CC04-4128-903F-2F764F2EA5D0}"
EndProject
Project("{FAE04EC0-301F-11D3-BF4B-00C04F79EFBC}") = "HelloCSharp008_04", "HelloCSharp008_04\HelloCSharp008_04.csproj", "{699B0681-FD97-4BCB-88D9-73675E16EF49}"
EndProject
Global
	GlobalSection(SolutionConfigurationPlatforms) = preSolution
		Debug|Any CPU = Debug|Any CPU
		Release|Any CPU = Release|Any CPU
	EndGlobalSection
	GlobalSection(ProjectConfigurationPlatforms) = postSolution
		{7F79BB93-78B4-4810-9C6B-82A13224A510}.Debug|Any CPU.ActiveCfg = Debug|Any CPU
		{7F79BB93-78B4-4810-9C6B-82A13224A510}.Debug|Any CPU.Build.0 = Debug|Any CPU
		{7F79BB93-78B4-4810-9C6B-82A13224A510}.Release|Any CPU.ActiveCfg = Release|Any CPU
		{7F79BB93-78B4-4810-9C6B-82A13224A510}.Release|Any CPU.Build.0 = Release|Any CPU
		{4A5F934A-D1E7-4AB6-94AA-2F40416C479E}.Debug|Any CPU.ActiveCfg = Debug|Any CPU
		{4A5F934A-D1E7-4AB6-94AA-2F40416C479E}.Debug|Any CPU.Build.0 = Debug|Any CPU
		{4A5F934A-D1E7-4AB6-94AA-2F40416C479E}.Release|Any CPU.ActiveCfg = Release|Any CPU
		{4A5F934A-D1E7-4AB6-94AA-2F40416C479E}.Release|Any CPU.Build.0 = Release|Any CPU
		{C819025F-73B9-4616-9B4E-AB4D024CD12E}.Debug|Any CPU.ActiveCfg = Debug|Any CPU
		{C819025F-73B9-4616-9B4E-AB4D024CD12E}.Debug|Any CPU.Build.0 = Debug|Any CPU
		{C819025F-73B9-4616-9B4E-AB4D024CD12E}.Release|Any CPU.ActiveCfg = Release|Any CPU
		{C819025F-73B9-4616-9B4E-AB4D024CD12E}.Release|Any CPU.Build.0 = Release|Any CPU
		{19B2FEA9-CC04-4128-903F-2F764F2EA5D0}.Debug|Any CPU.ActiveCfg = Debug|Any CPU
		{19B2FEA9-CC04-4128-903F-2F764F2EA5D0}.Debug|Any CPU.Build.0 = Debug|Any CPU
		{19B2FEA9-CC04-4128-903F-2F764F2EA5D0}.Release|Any CPU.ActiveCfg = Release|Any CPU
		{19B2FEA9-CC04-4128-903F-2F764F2EA5D0}.Release|Any CPU.Build.0 = Release|Any CPU
		{699B0681-FD97-4BCB-88D9-73675E16EF49}.Debug|Any CPU.ActiveCfg = Debug|Any CPU
		{699B0681-FD97-4BCB-88D9-73675E16EF49}.Debug|Any CPU.Build.0 = Debug|Any CPU
		{699B0681-FD97-4BCB-88D9-73675E16EF49}.Release|Any CPU.ActiveCfg = Release|Any CPU
		{699B0681-FD97-4BCB-88D9-73675E16EF49}.Release|Any CPU.Build.0 = Release|Any CPU
	EndGlobalSection
	GlobalSection(SolutionProperties) = preSolution
		HideSolutionNode = FALSE
	EndGlobalSection
	GlobalSection(ExtensibilityGlobals) = postSolution
		SolutionGuid = {9EF4019B-39F3-4E64-A37C-825E5ADC76E9}
	EndGlobalSection
EndGlobal
