
Microsoft Visual Studio Solution File, Format Version 12.00
# Visual Studio Version 17
VisualStudioVersion = 17.9.34723.18
MinimumVisualStudioVersion = 10.0.40219.1
Project("{FAE04EC0-301F-11D3-BF4B-00C04F79EFBC}") = "BookManager", "BookManager\BookManager.csproj", "{A095FF68-E693-4AA8-8881-FB9A7775BF00}"
EndProject
Global
	GlobalSection(SolutionConfigurationPlatforms) = preSolution
		Debug|Any CPU = Debug|Any CPU
		Release|Any CPU = Release|Any CPU
	EndGlobalSection
	GlobalSection(ProjectConfigurationPlatforms) = postSolution
		{A095FF68-E693-4AA8-8881-FB9A7775BF00}.Debug|Any CPU.ActiveCfg = Debug|Any CPU
		{A095FF68-E693-4AA8-8881-FB9A7775BF00}.Debug|Any CPU.Build.0 = Debug|Any CPU
		{A095FF68-E693-4AA8-8881-FB9A7775BF00}.Release|Any CPU.ActiveCfg = Release|Any CPU
		{A095FF68-E693-4AA8-8881-FB9A7775BF00}.Release|Any CPU.Build.0 = Release|Any CPU
	EndGlobalSection
	GlobalSection(SolutionProperties) = preSolution
		HideSolutionNode = FALSE
	EndGlobalSection
	GlobalSection(ExtensibilityGlobals) = postSolution
		SolutionGuid = {EA17503D-2E2B-4763-BD3B-22122EA9E6BC}
	EndGlobalSection
EndGlobal
